{
    "_readme": [
        "This file locks the dependencies of your project to a known state",
        "Read more about it at https://getcomposer.org/doc/01-basic-usage.md#composer-lock-the-lock-file",
        "This file is @generated automatically"
    ],
    "content-hash": "4ed3cb68a8b4f43c9fd3a52ffcc7f3b0",
    "packages": [
        {
            "name": "lance/file",
            "version": "dev-master",
            "source": {
                "type": "git",
                "url": "https://github.com/jianglong1992/file.git",
                "reference": "a7851e1757bcca0a7da1e09fb938369fa663fe92"
            },
            "dist": {
                "type": "zip",
                "url": "https://files.phpcomposer.com/files/jianglong1992/file/a7851e1757bcca0a7da1e09fb938369fa663fe92.zip",
                "reference": "a7851e1757bcca0a7da1e09fb938369fa663fe92",
                "shasum": ""
            },
            "require": {
                "php": ">=5.4.0"
            },
            "type": "library",
            "autoload": {
                "psr-4": {
                    "File\\libs\\": "libs/"
                }
            },
            "notification-url": "https://packagist.org/downloads/",
            "license": [
                "lance"
            ],
            "authors": [
                {
                    "name": "lance",
                    "email": "296769589@qq.com"
                }
            ],
            "description": "文件操作类",
            "time": "2017-10-11T07:05:16+00:00"
        }
    ],
    "packages-dev": [],
    "aliases": [],
    "minimum-stability": "dev",
    "stability-flags": {
        "lance/file": 20
    },
    "prefer-stable": false,
    "prefer-lowest": false,
    "platform": {
        "php": ">=5.4.0"
    },
    "platform-dev": []
}
